
Microsoft Visual Studio Solution File, Format Version 12.00
# Visual Studio 2013
VisualStudioVersion = 12.0.31101.0
MinimumVisualStudioVersion = 10.0.40219.1
Project("{FAE04EC0-301F-11D3-BF4B-00C04F79EFBC}") = "Chevron.IE", "Chevron.IE\Chevron.IE.csproj", "{5CB5AA52-843C-454A-BD57-A1B40DFB2E22}"
EndProject
Project("{FAE04EC0-301F-11D3-BF4B-00C04F79EFBC}") = "Nancy.ViewEngines.Handlebars.IE", "Nancy.ViewEngines.HandleBars.IE\Nancy.ViewEngines.Handlebars.IE.csproj", "{A55C7CAD-B531-43C9-B28D-EE509CF94983}"
EndProject
Project("{FAE04EC0-301F-11D3-BF4B-00C04F79EFBC}") = "Nancy.ViewEngines.Handlebars.IE.Sample", "Nancy.ViewEngines.HandleBars.IE.Sample\Nancy.ViewEngines.Handlebars.IE.Sample.csproj", "{FDB2A524-1865-4637-971A-DF0022844E7A}"
EndProject
Project("{FAE04EC0-301F-11D3-BF4B-00C04F79EFBC}") = "Chevron.IE.Tests", "Chevron.IE.Tests\Chevron.IE.Tests.csproj", "{9AF7B1C7-1DF6-43CE-AE0B-66F0153A5D05}"
EndProject
Project("{FAE04EC0-301F-11D3-BF4B-00C04F79EFBC}") = "Nancy.ViewEngines.Handlebars.V8", "Nancy.ViewEngines.HandleBars.V8\Nancy.ViewEngines.Handlebars.V8.csproj", "{91BD5019-F909-44FA-B3BF-67F2763C4BC1}"
EndProject
Project("{FAE04EC0-301F-11D3-BF4B-00C04F79EFBC}") = "Chevron.V8", "Chevron.V8\Chevron.V8.csproj", "{E9457395-6FDF-4F69-AF9D-9C32859024F2}"
EndProject
Project("{FAE04EC0-301F-11D3-BF4B-00C04F79EFBC}") = "Nancy.ViewEngines.Handlebars.V8.Sample", "Nancy.ViewEngines.HandleBars.V8.Sample\Nancy.ViewEngines.Handlebars.V8.Sample.csproj", "{17B63012-EE2D-4FD2-B4C9-409447390517}"
EndProject
Project("{FAE04EC0-301F-11D3-BF4B-00C04F79EFBC}") = "Chevron.V8.Tests", "Chevron.V8.Tests\Chevron.V8.Tests.csproj", "{5260557B-150C-4318-8211-BB22BE9642CA}"
EndProject
Project("{FAE04EC0-301F-11D3-BF4B-00C04F79EFBC}") = "Chevron.Jint", "Chevron.Jint\Chevron.Jint.csproj", "{744B9BA7-E847-4EE8-8FD0-D7BF7EC6F4E1}"
EndProject
Project("{FAE04EC0-301F-11D3-BF4B-00C04F79EFBC}") = "Chevron.Jint.Tests", "Chevron.Jint.Tests\Chevron.Jint.Tests.csproj", "{B185410D-4ACA-400F-A02E-0130BA39AC0D}"
EndProject
Project("{FAE04EC0-301F-11D3-BF4B-00C04F79EFBC}") = "Nancy.ViewEngines.Handlebars.Jint", "Nancy.ViewEngines.Handlebars.Jint\Nancy.ViewEngines.Handlebars.Jint.csproj", "{4B3C8EBC-5D88-4184-A87E-1F538FE79FFE}"
EndProject
Project("{FAE04EC0-301F-11D3-BF4B-00C04F79EFBC}") = "Nancy.ViewEngines.Handlebars.Jint.Sample", "Nancy.ViewEngines.Handlebars.Jint.Sample\Nancy.ViewEngines.Handlebars.Jint.Sample.csproj", "{A6377C64-1394-4A89-9511-821433B037A7}"
EndProject
Global
	GlobalSection(SolutionConfigurationPlatforms) = preSolution
		Debug|Any CPU = Debug|Any CPU
		Release|Any CPU = Release|Any CPU
	EndGlobalSection
	GlobalSection(ProjectConfigurationPlatforms) = postSolution
		{5CB5AA52-843C-454A-BD57-A1B40DFB2E22}.Debug|Any CPU.ActiveCfg = Debug|Any CPU
		{5CB5AA52-843C-454A-BD57-A1B40DFB2E22}.Debug|Any CPU.Build.0 = Debug|Any CPU
		{5CB5AA52-843C-454A-BD57-A1B40DFB2E22}.Release|Any CPU.ActiveCfg = Release|Any CPU
		{5CB5AA52-843C-454A-BD57-A1B40DFB2E22}.Release|Any CPU.Build.0 = Release|Any CPU
		{A55C7CAD-B531-43C9-B28D-EE509CF94983}.Debug|Any CPU.ActiveCfg = Debug|Any CPU
		{A55C7CAD-B531-43C9-B28D-EE509CF94983}.Debug|Any CPU.Build.0 = Debug|Any CPU
		{A55C7CAD-B531-43C9-B28D-EE509CF94983}.Release|Any CPU.ActiveCfg = Release|Any CPU
		{A55C7CAD-B531-43C9-B28D-EE509CF94983}.Release|Any CPU.Build.0 = Release|Any CPU
		{FDB2A524-1865-4637-971A-DF0022844E7A}.Debug|Any CPU.ActiveCfg = Debug|Any CPU
		{FDB2A524-1865-4637-971A-DF0022844E7A}.Debug|Any CPU.Build.0 = Debug|Any CPU
		{FDB2A524-1865-4637-971A-DF0022844E7A}.Release|Any CPU.ActiveCfg = Release|Any CPU
		{FDB2A524-1865-4637-971A-DF0022844E7A}.Release|Any CPU.Build.0 = Release|Any CPU
		{9AF7B1C7-1DF6-43CE-AE0B-66F0153A5D05}.Debug|Any CPU.ActiveCfg = Debug|Any CPU
		{9AF7B1C7-1DF6-43CE-AE0B-66F0153A5D05}.Debug|Any CPU.Build.0 = Debug|Any CPU
		{9AF7B1C7-1DF6-43CE-AE0B-66F0153A5D05}.Release|Any CPU.ActiveCfg = Release|Any CPU
		{9AF7B1C7-1DF6-43CE-AE0B-66F0153A5D05}.Release|Any CPU.Build.0 = Release|Any CPU
		{91BD5019-F909-44FA-B3BF-67F2763C4BC1}.Debug|Any CPU.ActiveCfg = Debug|Any CPU
		{91BD5019-F909-44FA-B3BF-67F2763C4BC1}.Debug|Any CPU.Build.0 = Debug|Any CPU
		{91BD5019-F909-44FA-B3BF-67F2763C4BC1}.Release|Any CPU.ActiveCfg = Release|Any CPU
		{91BD5019-F909-44FA-B3BF-67F2763C4BC1}.Release|Any CPU.Build.0 = Release|Any CPU
		{E9457395-6FDF-4F69-AF9D-9C32859024F2}.Debug|Any CPU.ActiveCfg = Debug|Any CPU
		{E9457395-6FDF-4F69-AF9D-9C32859024F2}.Debug|Any CPU.Build.0 = Debug|Any CPU
		{E9457395-6FDF-4F69-AF9D-9C32859024F2}.Release|Any CPU.ActiveCfg = Release|Any CPU
		{E9457395-6FDF-4F69-AF9D-9C32859024F2}.Release|Any CPU.Build.0 = Release|Any CPU
		{17B63012-EE2D-4FD2-B4C9-409447390517}.Debug|Any CPU.ActiveCfg = Debug|Any CPU
		{17B63012-EE2D-4FD2-B4C9-409447390517}.Debug|Any CPU.Build.0 = Debug|Any CPU
		{17B63012-EE2D-4FD2-B4C9-409447390517}.Release|Any CPU.ActiveCfg = Release|Any CPU
		{17B63012-EE2D-4FD2-B4C9-409447390517}.Release|Any CPU.Build.0 = Release|Any CPU
		{5260557B-150C-4318-8211-BB22BE9642CA}.Debug|Any CPU.ActiveCfg = Debug|Any CPU
		{5260557B-150C-4318-8211-BB22BE9642CA}.Debug|Any CPU.Build.0 = Debug|Any CPU
		{5260557B-150C-4318-8211-BB22BE9642CA}.Release|Any CPU.ActiveCfg = Release|Any CPU
		{5260557B-150C-4318-8211-BB22BE9642CA}.Release|Any CPU.Build.0 = Release|Any CPU
		{744B9BA7-E847-4EE8-8FD0-D7BF7EC6F4E1}.Debug|Any CPU.ActiveCfg = Debug|Any CPU
		{744B9BA7-E847-4EE8-8FD0-D7BF7EC6F4E1}.Debug|Any CPU.Build.0 = Debug|Any CPU
		{744B9BA7-E847-4EE8-8FD0-D7BF7EC6F4E1}.Release|Any CPU.ActiveCfg = Release|Any CPU
		{744B9BA7-E847-4EE8-8FD0-D7BF7EC6F4E1}.Release|Any CPU.Build.0 = Release|Any CPU
		{B185410D-4ACA-400F-A02E-0130BA39AC0D}.Debug|Any CPU.ActiveCfg = Debug|Any CPU
		{B185410D-4ACA-400F-A02E-0130BA39AC0D}.Debug|Any CPU.Build.0 = Debug|Any CPU
		{B185410D-4ACA-400F-A02E-0130BA39AC0D}.Release|Any CPU.ActiveCfg = Release|Any CPU
		{B185410D-4ACA-400F-A02E-0130BA39AC0D}.Release|Any CPU.Build.0 = Release|Any CPU
		{4B3C8EBC-5D88-4184-A87E-1F538FE79FFE}.Debug|Any CPU.ActiveCfg = Debug|Any CPU
		{4B3C8EBC-5D88-4184-A87E-1F538FE79FFE}.Debug|Any CPU.Build.0 = Debug|Any CPU
		{4B3C8EBC-5D88-4184-A87E-1F538FE79FFE}.Release|Any CPU.ActiveCfg = Release|Any CPU
		{4B3C8EBC-5D88-4184-A87E-1F538FE79FFE}.Release|Any CPU.Build.0 = Release|Any CPU
		{A6377C64-1394-4A89-9511-821433B037A7}.Debug|Any CPU.ActiveCfg = Debug|Any CPU
		{A6377C64-1394-4A89-9511-821433B037A7}.Debug|Any CPU.Build.0 = Debug|Any CPU
		{A6377C64-1394-4A89-9511-821433B037A7}.Release|Any CPU.ActiveCfg = Release|Any CPU
		{A6377C64-1394-4A89-9511-821433B037A7}.Release|Any CPU.Build.0 = Release|Any CPU
	EndGlobalSection
	GlobalSection(SolutionProperties) = preSolution
		HideSolutionNode = FALSE
	EndGlobalSection
EndGlobal
